
Microsoft Visual Studio Solution File, Format Version 12.00
# Visual Studio Version 17
VisualStudioVersion = 17.9.34701.34
MinimumVisualStudioVersion = 10.0.40219.1
Project("{9A19103F-16F7-4668-BE54-9A1E7A4F7556}") = "RUINORERP.Model", "..\RUINORERP.Model\RUINORERP.Model.csproj", "{775C01A3-D64C-4A72-B87B-73007633281D}"
EndProject
Project("{9A19103F-16F7-4668-BE54-9A1E7A4F7556}") = "RUINORERP.Global", "..\RUINORERP.Global\RUINORERP.Global.csproj", "{059E2C38-245C-425C-9D9C-A4D7AFD457F7}"
EndProject
Project("{9A19103F-16F7-4668-BE54-9A1E7A4F7556}") = "RUINORERP.Common", "..\RUINORERP.Common\RUINORERP.Common.csproj", "{EE910588-F33C-4F65-9C50-72BF3FE8D063}"
EndProject
Project("{9A19103F-16F7-4668-BE54-9A1E7A4F7556}") = "RUINORERP.Extensions", "..\RUINORERP.Extensions\RUINORERP.Extensions.csproj", "{C7BCA755-1931-43E0-A7D5-E8983DF05F4F}"
EndProject
Project("{9A19103F-16F7-4668-BE54-9A1E7A4F7556}") = "RUINORERP.Business", "..\RUINORERP.Business\RUINORERP.Business.csproj", "{E573F9DA-CFCC-446D-9450-58874895A73F}"
EndProject
Project("{9A19103F-16F7-4668-BE54-9A1E7A4F7556}") = "RUINORERP.Services", "..\RUINORERP.Services\RUINORERP.Services.csproj", "{8F73116A-91BA-4F8A-ADC2-3A2022F34A44}"
EndProject
Project("{9A19103F-16F7-4668-BE54-9A1E7A4F7556}") = "RUINORERP.Repository", "..\RUINORERP.Repository\RUINORERP.Repository.csproj", "{2389A8F1-D1BC-4637-B980-C9D10985C2D2}"
EndProject
Project("{9A19103F-16F7-4668-BE54-9A1E7A4F7556}") = "RUINORERP.IServices", "..\RUINORERP.IServices\RUINORERP.IServices.csproj", "{1B8111A7-DF75-49E1-BA66-8058F78B2162}"
EndProject
Project("{9A19103F-16F7-4668-BE54-9A1E7A4F7556}") = "BNR", "..\BNR\BNR.csproj", "{335975AC-0C5F-4016-956A-5E34BA886670}"
EndProject
Project("{FAE04EC0-301F-11D3-BF4B-00C04F79EFBC}") = "RUINORERP.WF", "..\RUINORERP.WF\RUINORERP.WF.csproj", "{FDE50FFC-02CB-42AC-A7CA-F3C3D7DA61C2}"
EndProject
Project("{FAE04EC0-301F-11D3-BF4B-00C04F79EFBC}") = "HLH.Lib", "..\HLH.Lib\HLH.Lib.csproj", "{D9C7B9FB-8234-4C54-8A7A-4172878E3586}"
EndProject
Project("{9A19103F-16F7-4668-BE54-9A1E7A4F7556}") = "RUINORERP.PacketSpec", "..\RUINORERP.PacketSpec\RUINORERP.PacketSpec.csproj", "{E183B2C1-BA58-4B8C-B778-791DA2A60051}"
EndProject
Project("{9A19103F-16F7-4668-BE54-9A1E7A4F7556}") = "RUINORERP.Server", "RUINORERP.Server.csproj", "{C8893E46-8133-4F4E-8751-352C34E8BE86}"
EndProject
Project("{9A19103F-16F7-4668-BE54-9A1E7A4F7556}") = "RUINORERP.Plugin", "..\RUINORERP.Plugin\RUINORERP.Plugin.csproj", "{A753BE87-840E-4CA7-B42E-584542A6BE2C}"
EndProject
Global
	GlobalSection(SolutionConfigurationPlatforms) = preSolution
		Debug|Any CPU = Debug|Any CPU
		Debug|x86 = Debug|x86
		Release|Any CPU = Release|Any CPU
		Release|x86 = Release|x86
	EndGlobalSection
	GlobalSection(ProjectConfigurationPlatforms) = postSolution
		{775C01A3-D64C-4A72-B87B-73007633281D}.Debug|Any CPU.ActiveCfg = Debug|Any CPU
		{775C01A3-D64C-4A72-B87B-73007633281D}.Debug|Any CPU.Build.0 = Debug|Any CPU
		{775C01A3-D64C-4A72-B87B-73007633281D}.Debug|x86.ActiveCfg = Debug|Any CPU
		{775C01A3-D64C-4A72-B87B-73007633281D}.Debug|x86.Build.0 = Debug|Any CPU
		{775C01A3-D64C-4A72-B87B-73007633281D}.Release|Any CPU.ActiveCfg = Release|Any CPU
		{775C01A3-D64C-4A72-B87B-73007633281D}.Release|Any CPU.Build.0 = Release|Any CPU
		{775C01A3-D64C-4A72-B87B-73007633281D}.Release|x86.ActiveCfg = Release|Any CPU
		{775C01A3-D64C-4A72-B87B-73007633281D}.Release|x86.Build.0 = Release|Any CPU
		{059E2C38-245C-425C-9D9C-A4D7AFD457F7}.Debug|Any CPU.ActiveCfg = Debug|Any CPU
		{059E2C38-245C-425C-9D9C-A4D7AFD457F7}.Debug|Any CPU.Build.0 = Debug|Any CPU
		{059E2C38-245C-425C-9D9C-A4D7AFD457F7}.Debug|x86.ActiveCfg = Debug|Any CPU
		{059E2C38-245C-425C-9D9C-A4D7AFD457F7}.Debug|x86.Build.0 = Debug|Any CPU
		{059E2C38-245C-425C-9D9C-A4D7AFD457F7}.Release|Any CPU.ActiveCfg = Release|Any CPU
		{059E2C38-245C-425C-9D9C-A4D7AFD457F7}.Release|Any CPU.Build.0 = Release|Any CPU
		{059E2C38-245C-425C-9D9C-A4D7AFD457F7}.Release|x86.ActiveCfg = Release|Any CPU
		{059E2C38-245C-425C-9D9C-A4D7AFD457F7}.Release|x86.Build.0 = Release|Any CPU
		{EE910588-F33C-4F65-9C50-72BF3FE8D063}.Debug|Any CPU.ActiveCfg = Debug|Any CPU
		{EE910588-F33C-4F65-9C50-72BF3FE8D063}.Debug|Any CPU.Build.0 = Debug|Any CPU
		{EE910588-F33C-4F65-9C50-72BF3FE8D063}.Debug|x86.ActiveCfg = Debug|Any CPU
		{EE910588-F33C-4F65-9C50-72BF3FE8D063}.Debug|x86.Build.0 = Debug|Any CPU
		{EE910588-F33C-4F65-9C50-72BF3FE8D063}.Release|Any CPU.ActiveCfg = Release|Any CPU
		{EE910588-F33C-4F65-9C50-72BF3FE8D063}.Release|Any CPU.Build.0 = Release|Any CPU
		{EE910588-F33C-4F65-9C50-72BF3FE8D063}.Release|x86.ActiveCfg = Release|Any CPU
		{EE910588-F33C-4F65-9C50-72BF3FE8D063}.Release|x86.Build.0 = Release|Any CPU
		{C7BCA755-1931-43E0-A7D5-E8983DF05F4F}.Debug|Any CPU.ActiveCfg = Debug|Any CPU
		{C7BCA755-1931-43E0-A7D5-E8983DF05F4F}.Debug|Any CPU.Build.0 = Debug|Any CPU
		{C7BCA755-1931-43E0-A7D5-E8983DF05F4F}.Debug|x86.ActiveCfg = Debug|Any CPU
		{C7BCA755-1931-43E0-A7D5-E8983DF05F4F}.Debug|x86.Build.0 = Debug|Any CPU
		{C7BCA755-1931-43E0-A7D5-E8983DF05F4F}.Release|Any CPU.ActiveCfg = Release|Any CPU
		{C7BCA755-1931-43E0-A7D5-E8983DF05F4F}.Release|Any CPU.Build.0 = Release|Any CPU
		{C7BCA755-1931-43E0-A7D5-E8983DF05F4F}.Release|x86.ActiveCfg = Release|Any CPU
		{C7BCA755-1931-43E0-A7D5-E8983DF05F4F}.Release|x86.Build.0 = Release|Any CPU
		{E573F9DA-CFCC-446D-9450-58874895A73F}.Debug|Any CPU.ActiveCfg = Debug|Any CPU
		{E573F9DA-CFCC-446D-9450-58874895A73F}.Debug|Any CPU.Build.0 = Debug|Any CPU
		{E573F9DA-CFCC-446D-9450-58874895A73F}.Debug|x86.ActiveCfg = Debug|Any CPU
		{E573F9DA-CFCC-446D-9450-58874895A73F}.Debug|x86.Build.0 = Debug|Any CPU
		{E573F9DA-CFCC-446D-9450-58874895A73F}.Release|Any CPU.ActiveCfg = Release|Any CPU
		{E573F9DA-CFCC-446D-9450-58874895A73F}.Release|Any CPU.Build.0 = Release|Any CPU
		{E573F9DA-CFCC-446D-9450-58874895A73F}.Release|x86.ActiveCfg = Release|Any CPU
		{E573F9DA-CFCC-446D-9450-58874895A73F}.Release|x86.Build.0 = Release|Any CPU
		{8F73116A-91BA-4F8A-ADC2-3A2022F34A44}.Debug|Any CPU.ActiveCfg = Debug|Any CPU
		{8F73116A-91BA-4F8A-ADC2-3A2022F34A44}.Debug|Any CPU.Build.0 = Debug|Any CPU
		{8F73116A-91BA-4F8A-ADC2-3A2022F34A44}.Debug|x86.ActiveCfg = Debug|Any CPU
		{8F73116A-91BA-4F8A-ADC2-3A2022F34A44}.Debug|x86.Build.0 = Debug|Any CPU
		{8F73116A-91BA-4F8A-ADC2-3A2022F34A44}.Release|Any CPU.ActiveCfg = Release|Any CPU
		{8F73116A-91BA-4F8A-ADC2-3A2022F34A44}.Release|Any CPU.Build.0 = Release|Any CPU
		{8F73116A-91BA-4F8A-ADC2-3A2022F34A44}.Release|x86.ActiveCfg = Release|Any CPU
		{8F73116A-91BA-4F8A-ADC2-3A2022F34A44}.Release|x86.Build.0 = Release|Any CPU
		{2389A8F1-D1BC-4637-B980-C9D10985C2D2}.Debug|Any CPU.ActiveCfg = Debug|Any CPU
		{2389A8F1-D1BC-4637-B980-C9D10985C2D2}.Debug|Any CPU.Build.0 = Debug|Any CPU
		{2389A8F1-D1BC-4637-B980-C9D10985C2D2}.Debug|x86.ActiveCfg = Debug|Any CPU
		{2389A8F1-D1BC-4637-B980-C9D10985C2D2}.Debug|x86.Build.0 = Debug|Any CPU
		{2389A8F1-D1BC-4637-B980-C9D10985C2D2}.Release|Any CPU.ActiveCfg = Release|Any CPU
		{2389A8F1-D1BC-4637-B980-C9D10985C2D2}.Release|Any CPU.Build.0 = Release|Any CPU
		{2389A8F1-D1BC-4637-B980-C9D10985C2D2}.Release|x86.ActiveCfg = Release|Any CPU
		{2389A8F1-D1BC-4637-B980-C9D10985C2D2}.Release|x86.Build.0 = Release|Any CPU
		{1B8111A7-DF75-49E1-BA66-8058F78B2162}.Debug|Any CPU.ActiveCfg = Debug|Any CPU
		{1B8111A7-DF75-49E1-BA66-8058F78B2162}.Debug|Any CPU.Build.0 = Debug|Any CPU
		{1B8111A7-DF75-49E1-BA66-8058F78B2162}.Debug|x86.ActiveCfg = Debug|Any CPU
		{1B8111A7-DF75-49E1-BA66-8058F78B2162}.Debug|x86.Build.0 = Debug|Any CPU
		{1B8111A7-DF75-49E1-BA66-8058F78B2162}.Release|Any CPU.ActiveCfg = Release|Any CPU
		{1B8111A7-DF75-49E1-BA66-8058F78B2162}.Release|Any CPU.Build.0 = Release|Any CPU
		{1B8111A7-DF75-49E1-BA66-8058F78B2162}.Release|x86.ActiveCfg = Release|Any CPU
		{1B8111A7-DF75-49E1-BA66-8058F78B2162}.Release|x86.Build.0 = Release|Any CPU
		{335975AC-0C5F-4016-956A-5E34BA886670}.Debug|Any CPU.ActiveCfg = Debug|Any CPU
		{335975AC-0C5F-4016-956A-5E34BA886670}.Debug|Any CPU.Build.0 = Debug|Any CPU
		{335975AC-0C5F-4016-956A-5E34BA886670}.Debug|x86.ActiveCfg = Debug|Any CPU
		{335975AC-0C5F-4016-956A-5E34BA886670}.Debug|x86.Build.0 = Debug|Any CPU
		{335975AC-0C5F-4016-956A-5E34BA886670}.Release|Any CPU.ActiveCfg = Release|Any CPU
		{335975AC-0C5F-4016-956A-5E34BA886670}.Release|Any CPU.Build.0 = Release|Any CPU
		{335975AC-0C5F-4016-956A-5E34BA886670}.Release|x86.ActiveCfg = Release|Any CPU
		{335975AC-0C5F-4016-956A-5E34BA886670}.Release|x86.Build.0 = Release|Any CPU
		{FDE50FFC-02CB-42AC-A7CA-F3C3D7DA61C2}.Debug|Any CPU.ActiveCfg = Debug|Any CPU
		{FDE50FFC-02CB-42AC-A7CA-F3C3D7DA61C2}.Debug|Any CPU.Build.0 = Debug|Any CPU
		{FDE50FFC-02CB-42AC-A7CA-F3C3D7DA61C2}.Debug|x86.ActiveCfg = Debug|Any CPU
		{FDE50FFC-02CB-42AC-A7CA-F3C3D7DA61C2}.Debug|x86.Build.0 = Debug|Any CPU
		{FDE50FFC-02CB-42AC-A7CA-F3C3D7DA61C2}.Release|Any CPU.ActiveCfg = Release|Any CPU
		{FDE50FFC-02CB-42AC-A7CA-F3C3D7DA61C2}.Release|Any CPU.Build.0 = Release|Any CPU
		{FDE50FFC-02CB-42AC-A7CA-F3C3D7DA61C2}.Release|x86.ActiveCfg = Release|Any CPU
		{FDE50FFC-02CB-42AC-A7CA-F3C3D7DA61C2}.Release|x86.Build.0 = Release|Any CPU
		{D9C7B9FB-8234-4C54-8A7A-4172878E3586}.Debug|Any CPU.ActiveCfg = Debug|Any CPU
		{D9C7B9FB-8234-4C54-8A7A-4172878E3586}.Debug|Any CPU.Build.0 = Debug|Any CPU
		{D9C7B9FB-8234-4C54-8A7A-4172878E3586}.Debug|x86.ActiveCfg = Debug|x86
		{D9C7B9FB-8234-4C54-8A7A-4172878E3586}.Debug|x86.Build.0 = Debug|x86
		{D9C7B9FB-8234-4C54-8A7A-4172878E3586}.Release|Any CPU.ActiveCfg = Release|Any CPU
		{D9C7B9FB-8234-4C54-8A7A-4172878E3586}.Release|Any CPU.Build.0 = Release|Any CPU
		{D9C7B9FB-8234-4C54-8A7A-4172878E3586}.Release|x86.ActiveCfg = Release|x86
		{D9C7B9FB-8234-4C54-8A7A-4172878E3586}.Release|x86.Build.0 = Release|x86
		{E183B2C1-BA58-4B8C-B778-791DA2A60051}.Debug|Any CPU.ActiveCfg = Debug|Any CPU
		{E183B2C1-BA58-4B8C-B778-791DA2A60051}.Debug|Any CPU.Build.0 = Debug|Any CPU
		{E183B2C1-BA58-4B8C-B778-791DA2A60051}.Debug|x86.ActiveCfg = Debug|Any CPU
		{E183B2C1-BA58-4B8C-B778-791DA2A60051}.Debug|x86.Build.0 = Debug|Any CPU
		{E183B2C1-BA58-4B8C-B778-791DA2A60051}.Release|Any CPU.ActiveCfg = Release|Any CPU
		{E183B2C1-BA58-4B8C-B778-791DA2A60051}.Release|Any CPU.Build.0 = Release|Any CPU
		{E183B2C1-BA58-4B8C-B778-791DA2A60051}.Release|x86.ActiveCfg = Release|Any CPU
		{E183B2C1-BA58-4B8C-B778-791DA2A60051}.Release|x86.Build.0 = Release|Any CPU
		{C8893E46-8133-4F4E-8751-352C34E8BE86}.Debug|Any CPU.ActiveCfg = Debug|Any CPU
		{C8893E46-8133-4F4E-8751-352C34E8BE86}.Debug|Any CPU.Build.0 = Debug|Any CPU
		{C8893E46-8133-4F4E-8751-352C34E8BE86}.Debug|x86.ActiveCfg = Debug|Any CPU
		{C8893E46-8133-4F4E-8751-352C34E8BE86}.Debug|x86.Build.0 = Debug|Any CPU
		{C8893E46-8133-4F4E-8751-352C34E8BE86}.Release|Any CPU.ActiveCfg = Release|Any CPU
		{C8893E46-8133-4F4E-8751-352C34E8BE86}.Release|Any CPU.Build.0 = Release|Any CPU
		{C8893E46-8133-4F4E-8751-352C34E8BE86}.Release|x86.ActiveCfg = Release|Any CPU
		{C8893E46-8133-4F4E-8751-352C34E8BE86}.Release|x86.Build.0 = Release|Any CPU
		{A753BE87-840E-4CA7-B42E-584542A6BE2C}.Debug|Any CPU.ActiveCfg = Debug|Any CPU
		{A753BE87-840E-4CA7-B42E-584542A6BE2C}.Debug|Any CPU.Build.0 = Debug|Any CPU
		{A753BE87-840E-4CA7-B42E-584542A6BE2C}.Debug|x86.ActiveCfg = Debug|Any CPU
		{A753BE87-840E-4CA7-B42E-584542A6BE2C}.Debug|x86.Build.0 = Debug|Any CPU
		{A753BE87-840E-4CA7-B42E-584542A6BE2C}.Release|Any CPU.ActiveCfg = Release|Any CPU
		{A753BE87-840E-4CA7-B42E-584542A6BE2C}.Release|Any CPU.Build.0 = Release|Any CPU
		{A753BE87-840E-4CA7-B42E-584542A6BE2C}.Release|x86.ActiveCfg = Release|Any CPU
		{A753BE87-840E-4CA7-B42E-584542A6BE2C}.Release|x86.Build.0 = Release|Any CPU
	EndGlobalSection
	GlobalSection(SolutionProperties) = preSolution
		HideSolutionNode = FALSE
	EndGlobalSection
	GlobalSection(ExtensibilityGlobals) = postSolution
		SolutionGuid = {72A48D9D-9DF1-4C3A-9FC1-9EA4D0509B99}
	EndGlobalSection
EndGlobal
